
Microsoft Visual Studio Solution File, Format Version 12.00
# Visual Studio Version 16
VisualStudioVersion = 16.0.31624.102
MinimumVisualStudioVersion = 10.0.40219.1
Project("{2150E333-8FDC-42A3-9474-1A3956D46DE8}") = "Solution Items", "Solution Items", "{F881ECB7-D89A-4A78-A6B1-A06EC820DB3E}"
	ProjectSection(SolutionItems) = preProject
		index.html = index.html
		indexStyleSheet.css = indexStyleSheet.css
	EndProjectSection
EndProject
Global
	GlobalSection(SolutionProperties) = preSolution
		HideSolutionNode = FALSE
	EndGlobalSection
	GlobalSection(ExtensibilityGlobals) = postSolution
		SolutionGuid = {308DA84E-05C2-414E-BAB0-89A1627C01BA}
	EndGlobalSection
EndGlobal
